// !$*UTF8*$!
{
	archiveVersion = 1;
	classes = {
	};
	objectVersion = 56;
	objects = {

/* Begin PBXBuildFile section */
		FA3A75D22BA9BC6300E88E46 /* NetworkManager.swift in Sources */ = {isa = PBXBuildFile; fileRef = FA3A75D12BA9BC6300E88E46 /* NetworkManager.swift */; };
		FA3A75D42BAA147F00E88E46 /* MemViewController.swift in Sources */ = {isa = PBXBuildFile; fileRef = FA3A75D32BAA147F00E88E46 /* MemViewController.swift */; };
		FA6CC5C32BA6FAD7003D989D /* AppDelegate.swift in Sources */ = {isa = PBXBuildFile; fileRef = FA6CC5C22BA6FAD7003D989D /* AppDelegate.swift */; };
		FA6CC5C52BA6FAD7003D989D /* SceneDelegate.swift in Sources */ = {isa = PBXBuildFile; fileRef = FA6CC5C42BA6FAD7003D989D /* SceneDelegate.swift */; };
		FA6CC5CA2BA6FAD7003D989D /* Main.storyboard in Resources */ = {isa = PBXBuildFile; fileRef = FA6CC5C82BA6FAD7003D989D /* Main.storyboard */; };
		FA6CC5CC2BA6FAD9003D989D /* Assets.xcassets in Resources */ = {isa = PBXBuildFile; fileRef = FA6CC5CB2BA6FAD9003D989D /* Assets.xcassets */; };
		FA6CC5CF2BA6FAD9003D989D /* LaunchScreen.storyboard in Resources */ = {isa = PBXBuildFile; fileRef = FA6CC5CD2BA6FAD9003D989D /* LaunchScreen.storyboard */; };
		FA6CC5DC2BA6FF48003D989D /* FeedMemesViewController.swift in Sources */ = {isa = PBXBuildFile; fileRef = FA6CC5DB2BA6FF48003D989D /* FeedMemesViewController.swift */; };
		FA6CC5DE2BA701C1003D989D /* MemCell.swift in Sources */ = {isa = PBXBuildFile; fileRef = FA6CC5DD2BA701C1003D989D /* MemCell.swift */; };
		FA6CC5E02BA70323003D989D /* Mem.swift in Sources */ = {isa = PBXBuildFile; fileRef = FA6CC5DF2BA70323003D989D /* Mem.swift */; };
/* End PBXBuildFile section */

/* Begin PBXFileReference section */
		FA3A75D12BA9BC6300E88E46 /* NetworkManager.swift */ = {isa = PBXFileReference; lastKnownFileType = sourcecode.swift; path = NetworkManager.swift; sourceTree = "<group>"; };
		FA3A75D32BAA147F00E88E46 /* MemViewController.swift */ = {isa = PBXFileReference; lastKnownFileType = sourcecode.swift; path = MemViewController.swift; sourceTree = "<group>"; };
		FA6CC5BF2BA6FAD7003D989D /* Memes.app */ = {isa = PBXFileReference; explicitFileType = wrapper.application; includeInIndex = 0; path = Memes.app; sourceTree = BUILT_PRODUCTS_DIR; };
		FA6CC5C22BA6FAD7003D989D /* AppDelegate.swift */ = {isa = PBXFileReference; lastKnownFileType = sourcecode.swift; path = AppDelegate.swift; sourceTree = "<group>"; };
		FA6CC5C42BA6FAD7003D989D /* SceneDelegate.swift */ = {isa = PBXFileReference; lastKnownFileType = sourcecode.swift; path = SceneDelegate.swift; sourceTree = "<group>"; };
		FA6CC5C92BA6FAD7003D989D /* Base */ = {isa = PBXFileReference; lastKnownFileType = file.storyboard; name = Base; path = Base.lproj/Main.storyboard; sourceTree = "<group>"; };
		FA6CC5CB2BA6FAD9003D989D /* Assets.xcassets */ = {isa = PBXFileReference; lastKnownFileType = folder.assetcatalog; path = Assets.xcassets; sourceTree = "<group>"; };
		FA6CC5CE2BA6FAD9003D989D /* Base */ = {isa = PBXFileReference; lastKnownFileType = file.storyboard; name = Base; path = Base.lproj/LaunchScreen.storyboard; sourceTree = "<group>"; };
		FA6CC5D02BA6FAD9003D989D /* Info.plist */ = {isa = PBXFileReference; lastKnownFileType = text.plist.xml; path = Info.plist; sourceTree = "<group>"; };
		FA6CC5DB2BA6FF48003D989D /* FeedMemesViewController.swift */ = {isa = PBXFileReference; lastKnownFileType = sourcecode.swift; path = FeedMemesViewController.swift; sourceTree = "<group>"; };
		FA6CC5DD2BA701C1003D989D /* MemCell.swift */ = {isa = PBXFileReference; lastKnownFileType = sourcecode.swift; path = MemCell.swift; sourceTree = "<group>"; };
		FA6CC5DF2BA70323003D989D /* Mem.swift */ = {isa = PBXFileReference; lastKnownFileType = sourcecode.swift; path = Mem.swift; sourceTree = "<group>"; };
/* End PBXFileReference section */

/* Begin PBXFrameworksBuildPhase section */
		FA6CC5BC2BA6FAD7003D989D /* Frameworks */ = {
			isa = PBXFrameworksBuildPhase;
			buildActionMask = 2147483647;
			files = (
			);
			runOnlyForDeploymentPostprocessing = 0;
		};
/* End PBXFrameworksBuildPhase section */

/* Begin PBXGroup section */
		FA3A75D02BA9BC5400E88E46 /* Services */ = {
			isa = PBXGroup;
			children = (
				FA3A75D12BA9BC6300E88E46 /* NetworkManager.swift */,
			);
			path = Services;
			sourceTree = "<group>";
		};
		FA6CC5B62BA6FAD7003D989D = {
			isa = PBXGroup;
			children = (
				FA6CC5C12BA6FAD7003D989D /* Memes */,
				FA6CC5C02BA6FAD7003D989D /* Products */,
			);
			sourceTree = "<group>";
		};
		FA6CC5C02BA6FAD7003D989D /* Products */ = {
			isa = PBXGroup;
			children = (
				FA6CC5BF2BA6FAD7003D989D /* Memes.app */,
			);
			name = Products;
			sourceTree = "<group>";
		};
		FA6CC5C12BA6FAD7003D989D /* Memes */ = {
			isa = PBXGroup;
			children = (
				FA6CC5D82BA6FB47003D989D /* ViewControllers */,
				FA6CC5DA2BA6FC62003D989D /* View */,
				FA6CC5D92BA6FB54003D989D /* Models */,
				FA6CC5D62BA6FAFE003D989D /* Storyboards */,
				FA3A75D02BA9BC5400E88E46 /* Services */,
				FA6CC5D72BA6FB18003D989D /* App */,
				FA6CC5E82BA72B11003D989D /* Resources */,
			);
			path = Memes;
			sourceTree = "<group>";
		};
		FA6CC5D62BA6FAFE003D989D /* Storyboards */ = {
			isa = PBXGroup;
			children = (
				FA6CC5C82BA6FAD7003D989D /* Main.storyboard */,
				FA6CC5CD2BA6FAD9003D989D /* LaunchScreen.storyboard */,
			);
			path = Storyboards;
			sourceTree = "<group>";
		};
		FA6CC5D72BA6FB18003D989D /* App */ = {
			isa = PBXGroup;
			children = (
				FA6CC5C22BA6FAD7003D989D /* AppDelegate.swift */,
				FA6CC5C42BA6FAD7003D989D /* SceneDelegate.swift */,
				FA6CC5D02BA6FAD9003D989D /* Info.plist */,
			);
			path = App;
			sourceTree = "<group>";
		};
		FA6CC5D82BA6FB47003D989D /* ViewControllers */ = {
			isa = PBXGroup;
			children = (
				FA6CC5DB2BA6FF48003D989D /* FeedMemesViewController.swift */,
				FA3A75D32BAA147F00E88E46 /* MemViewController.swift */,
			);
			path = ViewControllers;
			sourceTree = "<group>";
		};
		FA6CC5D92BA6FB54003D989D /* Models */ = {
			isa = PBXGroup;
			children = (
				FA6CC5DF2BA70323003D989D /* Mem.swift */,
			);
			path = Models;
			sourceTree = "<group>";
		};
		FA6CC5DA2BA6FC62003D989D /* View */ = {
			isa = PBXGroup;
			children = (
				FA6CC5DD2BA701C1003D989D /* MemCell.swift */,
			);
			path = View;
			sourceTree = "<group>";
		};
		FA6CC5E82BA72B11003D989D /* Resources */ = {
			isa = PBXGroup;
			children = (
				FA6CC5CB2BA6FAD9003D989D /* Assets.xcassets */,
			);
			path = Resources;
			sourceTree = "<group>";
		};
/* End PBXGroup section */

/* Begin PBXNativeTarget section */
		FA6CC5BE2BA6FAD7003D989D /* Memes */ = {
			isa = PBXNativeTarget;
			buildConfigurationList = FA6CC5D32BA6FAD9003D989D /* Build configuration list for PBXNativeTarget "Memes" */;
			buildPhases = (
				FA6CC5BB2BA6FAD7003D989D /* Sources */,
				FA6CC5BC2BA6FAD7003D989D /* Frameworks */,
				FA6CC5BD2BA6FAD7003D989D /* Resources */,
			);
			buildRules = (
			);
			dependencies = (
			);
			name = Memes;
			productName = Memes;
			productReference = FA6CC5BF2BA6FAD7003D989D /* Memes.app */;
			productType = "com.apple.product-type.application";
		};
/* End PBXNativeTarget section */

/* Begin PBXProject section */
		FA6CC5B72BA6FAD7003D989D /* Project object */ = {
			isa = PBXProject;
			attributes = {
				BuildIndependentTargetsInParallel = 1;
				LastSwiftUpdateCheck = 1510;
				LastUpgradeCheck = 1510;
				TargetAttributes = {
					FA6CC5BE2BA6FAD7003D989D = {
						CreatedOnToolsVersion = 15.1;
					};
				};
			};
			buildConfigurationList = FA6CC5BA2BA6FAD7003D989D /* Build configuration list for PBXProject "Memes" */;
			compatibilityVersion = "Xcode 14.0";
			developmentRegion = en;
			hasScannedForEncodings = 0;
			knownRegions = (
				en,
				Base,
			);
			mainGroup = FA6CC5B62BA6FAD7003D989D;
			productRefGroup = FA6CC5C02BA6FAD7003D989D /* Products */;
			projectDirPath = "";
			projectRoot = "";
			targets = (
				FA6CC5BE2BA6FAD7003D989D /* Memes */,
			);
		};
/* End PBXProject section */

/* Begin PBXResourcesBuildPhase section */
		FA6CC5BD2BA6FAD7003D989D /* Resources */ = {
			isa = PBXResourcesBuildPhase;
			buildActionMask = 2147483647;
			files = (
				FA6CC5CF2BA6FAD9003D989D /* LaunchScreen.storyboard in Resources */,
				FA6CC5CC2BA6FAD9003D989D /* Assets.xcassets in Resources */,
				FA6CC5CA2BA6FAD7003D989D /* Main.storyboard in Resources */,
			);
			runOnlyForDeploymentPostprocessing = 0;
		};
/* End PBXResourcesBuildPhase section */

/* Begin PBXSourcesBuildPhase section */
		FA6CC5BB2BA6FAD7003D989D /* Sources */ = {
			isa = PBXSourcesBuildPhase;
			buildActionMask = 2147483647;
			files = (
				FA3A75D22BA9BC6300E88E46 /* NetworkManager.swift in Sources */,
				FA3A75D42BAA147F00E88E46 /* MemViewController.swift in Sources */,
				FA6CC5E02BA70323003D989D /* Mem.swift in Sources */,
				FA6CC5C32BA6FAD7003D989D /* AppDelegate.swift in Sources */,
				FA6CC5DC2BA6FF48003D989D /* FeedMemesViewController.swift in Sources */,
				FA6CC5C52BA6FAD7003D989D /* SceneDelegate.swift in Sources */,
				FA6CC5DE2BA701C1003D989D /* MemCell.swift in Sources */,
			);
			runOnlyForDeploymentPostprocessing = 0;
		};
/* End PBXSourcesBuildPhase section */

/* Begin PBXVariantGroup section */
		FA6CC5C82BA6FAD7003D989D /* Main.storyboard */ = {
			isa = PBXVariantGroup;
			children = (
				FA6CC5C92BA6FAD7003D989D /* Base */,
			);
			name = Main.storyboard;
			sourceTree = "<group>";
		};
		FA6CC5CD2BA6FAD9003D989D /* LaunchScreen.storyboard */ = {
			isa = PBXVariantGroup;
			children = (
				FA6CC5CE2BA6FAD9003D989D /* Base */,
			);
			name = LaunchScreen.storyboard;
			sourceTree = "<group>";
		};
/* End PBXVariantGroup section */

/* Begin XCBuildConfiguration section */
		FA6CC5D12BA6FAD9003D989D /* Debug */ = {
			isa = XCBuildConfiguration;
			buildSettings = {
				ALWAYS_SEARCH_USER_PATHS = NO;
				ASSETCATALOG_COMPILER_GENERATE_SWIFT_ASSET_SYMBOL_EXTENSIONS = YES;
				CLANG_ANALYZER_NONNULL = YES;
				CLANG_ANALYZER_NUMBER_OBJECT_CONVERSION = YES_AGGRESSIVE;
				CLANG_CXX_LANGUAGE_STANDARD = "gnu++20";
				CLANG_ENABLE_MODULES = YES;
				CLANG_ENABLE_OBJC_ARC = YES;
				CLANG_ENABLE_OBJC_WEAK = YES;
				CLANG_WARN_BLOCK_CAPTURE_AUTORELEASING = YES;
				CLANG_WARN_BOOL_CONVERSION = YES;
				CLANG_WARN_COMMA = YES;
				CLANG_WARN_CONSTANT_CONVERSION = YES;
				CLANG_WARN_DEPRECATED_OBJC_IMPLEMENTATIONS = YES;
				CLANG_WARN_DIRECT_OBJC_ISA_USAGE = YES_ERROR;
				CLANG_WARN_DOCUMENTATION_COMMENTS = YES;
				CLANG_WARN_EMPTY_BODY = YES;
				CLANG_WARN_ENUM_CONVERSION = YES;
				CLANG_WARN_INFINITE_RECURSION = YES;
				CLANG_WARN_INT_CONVERSION = YES;
				CLANG_WARN_NON_LITERAL_NULL_CONVERSION = YES;
				CLANG_WARN_OBJC_IMPLICIT_RETAIN_SELF = YES;
				CLANG_WARN_OBJC_LITERAL_CONVERSION = YES;
				CLANG_WARN_OBJC_ROOT_CLASS = YES_ERROR;
				CLANG_WARN_QUOTED_INCLUDE_IN_FRAMEWORK_HEADER = YES;
				CLANG_WARN_RANGE_LOOP_ANALYSIS = YES;
				CLANG_WARN_STRICT_PROTOTYPES = YES;
				CLANG_WARN_SUSPICIOUS_MOVE = YES;
				CLANG_WARN_UNGUARDED_AVAILABILITY = YES_AGGRESSIVE;
				CLANG_WARN_UNREACHABLE_CODE = YES;
				CLANG_WARN__DUPLICATE_METHOD_MATCH = YES;
				COPY_PHASE_STRIP = NO;
				DEBUG_INFORMATION_FORMAT = dwarf;
				ENABLE_STRICT_OBJC_MSGSEND = YES;
				ENABLE_TESTABILITY = YES;
				ENABLE_USER_SCRIPT_SANDBOXING = YES;
				GCC_C_LANGUAGE_STANDARD = gnu17;
				GCC_DYNAMIC_NO_PIC = NO;
				GCC_NO_COMMON_BLOCKS = YES;
				GCC_OPTIMIZATION_LEVEL = 0;
				GCC_PREPROCESSOR_DEFINITIONS = (
					"DEBUG=1",
					"$(inherited)",
				);
				GCC_WARN_64_TO_32_BIT_CONVERSION = YES;
				GCC_WARN_ABOUT_RETURN_TYPE = YES_ERROR;
				GCC_WARN_UNDECLARED_SELECTOR = YES;
				GCC_WARN_UNINITIALIZED_AUTOS = YES_AGGRESSIVE;
				GCC_WARN_UNUSED_FUNCTION = YES;
				GCC_WARN_UNUSED_VARIABLE = YES;
				IPHONEOS_DEPLOYMENT_TARGET = 17.2;
				LOCALIZATION_PREFERS_STRING_CATALOGS = YES;
				MTL_ENABLE_DEBUG_INFO = INCLUDE_SOURCE;
				MTL_FAST_MATH = YES;
				ONLY_ACTIVE_ARCH = YES;
				SDKROOT = iphoneos;
				SWIFT_ACTIVE_COMPILATION_CONDITIONS = "DEBUG $(inherited)";
				SWIFT_OPTIMIZATION_LEVEL = "-Onone";
			};
			name = Debug;
		};
		FA6CC5D22BA6FAD9003D989D /* Release */ = {
			isa = XCBuildConfiguration;
			buildSettings = {
				ALWAYS_SEARCH_USER_PATHS = NO;
				ASSETCATALOG_COMPILER_GENERATE_SWIFT_ASSET_SYMBOL_EXTENSIONS = YES;
				CLANG_ANALYZER_NONNULL = YES;
				CLANG_ANALYZER_NUMBER_OBJECT_CONVERSION = YES_AGGRESSIVE;
				CLANG_CXX_LANGUAGE_STANDARD = "gnu++20";
				CLANG_ENABLE_MODULES = YES;
				CLANG_ENABLE_OBJC_ARC = YES;
				CLANG_ENABLE_OBJC_WEAK = YES;
				CLANG_WARN_BLOCK_CAPTURE_AUTORELEASING = YES;
				CLANG_WARN_BOOL_CONVERSION = YES;
				CLANG_WARN_COMMA = YES;
				CLANG_WARN_CONSTANT_CONVERSION = YES;
				CLANG_WARN_DEPRECATED_OBJC_IMPLEMENTATIONS = YES;
				CLANG_WARN_DIRECT_OBJC_ISA_USAGE = YES_ERROR;
				CLANG_WARN_DOCUMENTATION_COMMENTS = YES;
				CLANG_WARN_EMPTY_BODY = YES;
				CLANG_WARN_ENUM_CONVERSION = YES;
				CLANG_WARN_INFINITE_RECURSION = YES;
				CLANG_WARN_INT_CONVERSION = YES;
				CLANG_WARN_NON_LITERAL_NULL_CONVERSION = YES;
				CLANG_WARN_OBJC_IMPLICIT_RETAIN_SELF = YES;
				CLANG_WARN_OBJC_LITERAL_CONVERSION = YES;
				CLANG_WARN_OBJC_ROOT_CLASS = YES_ERROR;
				CLANG_WARN_QUOTED_INCLUDE_IN_FRAMEWORK_HEADER = YES;
				CLANG_WARN_RANGE_LOOP_ANALYSIS = YES;
				CLANG_WARN_STRICT_PROTOTYPES = YES;
				CLANG_WARN_SUSPICIOUS_MOVE = YES;
				CLANG_WARN_UNGUARDED_AVAILABILITY = YES_AGGRESSIVE;
				CLANG_WARN_UNREACHABLE_CODE = YES;
				CLANG_WARN__DUPLICATE_METHOD_MATCH = YES;
				COPY_PHASE_STRIP = NO;
				DEBUG_INFORMATION_FORMAT = "dwarf-with-dsym";
				ENABLE_NS_ASSERTIONS = NO;
				ENABLE_STRICT_OBJC_MSGSEND = YES;
				ENABLE_USER_SCRIPT_SANDBOXING = YES;
				GCC_C_LANGUAGE_STANDARD = gnu17;
				GCC_NO_COMMON_BLOCKS = YES;
				GCC_WARN_64_TO_32_BIT_CONVERSION = YES;
				GCC_WARN_ABOUT_RETURN_TYPE = YES_ERROR;
				GCC_WARN_UNDECLARED_SELECTOR = YES;
				GCC_WARN_UNINITIALIZED_AUTOS = YES_AGGRESSIVE;
				GCC_WARN_UNUSED_FUNCTION = YES;
				GCC_WARN_UNUSED_VARIABLE = YES;
				IPHONEOS_DEPLOYMENT_TARGET = 17.2;
				LOCALIZATION_PREFERS_STRING_CATALOGS = YES;
				MTL_ENABLE_DEBUG_INFO = NO;
				MTL_FAST_MATH = YES;
				SDKROOT = iphoneos;
				SWIFT_COMPILATION_MODE = wholemodule;
				VALIDATE_PRODUCT = YES;
			};
			name = Release;
		};
		FA6CC5D42BA6FAD9003D989D /* Debug */ = {
			isa = XCBuildConfiguration;
			buildSettings = {
				ASSETCATALOG_COMPILER_APPICON_NAME = AppIcon;
				ASSETCATALOG_COMPILER_GLOBAL_ACCENT_COLOR_NAME = AccentColor;
				CODE_SIGN_STYLE = Automatic;
				CURRENT_PROJECT_VERSION = 1;
				DEVELOPMENT_TEAM = L23B96GPNM;
				GENERATE_INFOPLIST_FILE = YES;
				INFOPLIST_FILE = Memes/App/Info.plist;
				INFOPLIST_KEY_UIApplicationSupportsIndirectInputEvents = YES;
				INFOPLIST_KEY_UILaunchStoryboardName = LaunchScreen;
				INFOPLIST_KEY_UIMainStoryboardFile = Main;
				INFOPLIST_KEY_UISupportedInterfaceOrientations = UIInterfaceOrientationPortrait;
				INFOPLIST_KEY_UISupportedInterfaceOrientations_iPad = "UIInterfaceOrientationLandscapeLeft UIInterfaceOrientationLandscapeRight UIInterfaceOrientationPortrait UIInterfaceOrientationPortraitUpsideDown";
				LD_RUNPATH_SEARCH_PATHS = (
					"$(inherited)",
					"@executable_path/Frameworks",
				);
				MARKETING_VERSION = 1.0;
				PRODUCT_BUNDLE_IDENTIFIER = ru.alexpetrenko.Memes;
				PRODUCT_NAME = "$(TARGET_NAME)";
				SUPPORTED_PLATFORMS = "iphoneos iphonesimulator";
				SUPPORTS_MACCATALYST = NO;
				SUPPORTS_MAC_DESIGNED_FOR_IPHONE_IPAD = NO;
				SWIFT_EMIT_LOC_STRINGS = YES;
				SWIFT_VERSION = 5.0;
				TARGETED_DEVICE_FAMILY = 1;
			};
			name = Debug;
		};
		FA6CC5D52BA6FAD9003D989D /* Release */ = {
			isa = XCBuildConfiguration;
			buildSettings = {
				ASSETCATALOG_COMPILER_APPICON_NAME = AppIcon;
				ASSETCATALOG_COMPILER_GLOBAL_ACCENT_COLOR_NAME = AccentColor;
				CODE_SIGN_STYLE = Automatic;
				CURRENT_PROJECT_VERSION = 1;
				DEVELOPMENT_TEAM = L23B96GPNM;
				GENERATE_INFOPLIST_FILE = YES;
				INFOPLIST_FILE = Memes/App/Info.plist;
				INFOPLIST_KEY_UIApplicationSupportsIndirectInputEvents = YES;
				INFOPLIST_KEY_UILaunchStoryboardName = LaunchScreen;
				INFOPLIST_KEY_UIMainStoryboardFile = Main;
				INFOPLIST_KEY_UISupportedInterfaceOrientations = UIInterfaceOrientationPortrait;
				INFOPLIST_KEY_UISupportedInterfaceOrientations_iPad = "UIInterfaceOrientationLandscapeLeft UIInterfaceOrientationLandscapeRight UIInterfaceOrientationPortrait UIInterfaceOrientationPortraitUpsideDown";
				LD_RUNPATH_SEARCH_PATHS = (
					"$(inherited)",
					"@executable_path/Frameworks",
				);
				MARKETING_VERSION = 1.0;
				PRODUCT_BUNDLE_IDENTIFIER = ru.alexpetrenko.Memes;
				PRODUCT_NAME = "$(TARGET_NAME)";
				SUPPORTED_PLATFORMS = "iphoneos iphonesimulator";
				SUPPORTS_MACCATALYST = NO;
				SUPPORTS_MAC_DESIGNED_FOR_IPHONE_IPAD = NO;
				SWIFT_EMIT_LOC_STRINGS = YES;
				SWIFT_VERSION = 5.0;
				TARGETED_DEVICE_FAMILY = 1;
			};
			name = Release;
		};
/* End XCBuildConfiguration section */

/* Begin XCConfigurationList section */
		FA6CC5BA2BA6FAD7003D989D /* Build configuration list for PBXProject "Memes" */ = {
			isa = XCConfigurationList;
			buildConfigurations = (
				FA6CC5D12BA6FAD9003D989D /* Debug */,
				FA6CC5D22BA6FAD9003D989D /* Release */,
			);
			defaultConfigurationIsVisible = 0;
			defaultConfigurationName = Release;
		};
		FA6CC5D32BA6FAD9003D989D /* Build configuration list for PBXNativeTarget "Memes" */ = {
			isa = XCConfigurationList;
			buildConfigurations = (
				FA6CC5D42BA6FAD9003D989D /* Debug */,
				FA6CC5D52BA6FAD9003D989D /* Release */,
			);
			defaultConfigurationIsVisible = 0;
			defaultConfigurationName = Release;
		};
/* End XCConfigurationList section */
	};
	rootObject = FA6CC5B72BA6FAD7003D989D /* Project object */;
}
